
Microsoft Visual Studio Solution File, Format Version 12.00
# Visual Studio 15
Project("{FAE04EC0-301F-11D3-BF4B-00C04F79EFBC}") = "Assembly-CSharp", "Assembly-CSharp.csproj", "{D99A6D49-06CB-C266-BF92-7A2BD45A7F90}"
EndProject
Project("{FAE04EC0-301F-11D3-BF4B-00C04F79EFBC}") = "Assembly-CSharp-Editor", "Assembly-CSharp-Editor.csproj", "{1A118E23-26BF-AC7C-03F8-5C7E2F08718A}"
EndProject
Global
	GlobalSection(SolutionConfigurationPlatforms) = preSolution
		Debug|Any CPU = Debug|Any CPU
		Release|Any CPU = Release|Any CPU
	EndGlobalSection
	GlobalSection(ProjectConfigurationPlatforms) = postSolution
		{D99A6D49-06CB-C266-BF92-7A2BD45A7F90}.Debug|Any CPU.ActiveCfg = Debug|Any CPU
		{D99A6D49-06CB-C266-BF92-7A2BD45A7F90}.Debug|Any CPU.Build.0 = Debug|Any CPU
		{D99A6D49-06CB-C266-BF92-7A2BD45A7F90}.Release|Any CPU.ActiveCfg = Release|Any CPU
		{D99A6D49-06CB-C266-BF92-7A2BD45A7F90}.Release|Any CPU.Build.0 = Release|Any CPU
		{1A118E23-26BF-AC7C-03F8-5C7E2F08718A}.Debug|Any CPU.ActiveCfg = Debug|Any CPU
		{1A118E23-26BF-AC7C-03F8-5C7E2F08718A}.Debug|Any CPU.Build.0 = Debug|Any CPU
		{1A118E23-26BF-AC7C-03F8-5C7E2F08718A}.Release|Any CPU.ActiveCfg = Release|Any CPU
		{1A118E23-26BF-AC7C-03F8-5C7E2F08718A}.Release|Any CPU.Build.0 = Release|Any CPU
	EndGlobalSection
	GlobalSection(SolutionProperties) = preSolution
		HideSolutionNode = FALSE
	EndGlobalSection
EndGlobal
